Microsoft Visual Studio Solution File, Format Version 12.00
# Visual Studio Version 17
VisualStudioVersion = 17.5.2.0
MinimumVisualStudioVersion = 10.0.40219.1
Project("{FAE04EC0-301F-11D3-BF4B-00C04F79EFBC}") = "HelloHussainAPI", "HelloHussainAPI.csproj", "{C6FF1CB6-B327-CFC0-AB26-E7CBC942A482}"
EndProject
Global
	GlobalSection(SolutionConfigurationPlatforms) = preSolution
		Debug|Any CPU = Debug|Any CPU
		Release|Any CPU = Release|Any CPU
	EndGlobalSection
	GlobalSection(ProjectConfigurationPlatforms) = postSolution
		{C6FF1CB6-B327-CFC0-AB26-E7CBC942A482}.Debug|Any CPU.ActiveCfg = Debug|Any CPU
		{C6FF1CB6-B327-CFC0-AB26-E7CBC942A482}.Debug|Any CPU.Build.0 = Debug|Any CPU
		{C6FF1CB6-B327-CFC0-AB26-E7CBC942A482}.Release|Any CPU.ActiveCfg = Release|Any CPU
		{C6FF1CB6-B327-CFC0-AB26-E7CBC942A482}.Release|Any CPU.Build.0 = Release|Any CPU
	EndGlobalSection
	GlobalSection(SolutionProperties) = preSolution
		HideSolutionNode = FALSE
	EndGlobalSection
	GlobalSection(ExtensibilityGlobals) = postSolution
		SolutionGuid = {23DE3A1A-2326-4819-8A62-39D1CA082A63}
	EndGlobalSection
EndGlobal
